
Microsoft Visual Studio Solution File, Format Version 12.00
# Visual Studio Version 17
VisualStudioVersion = 17.9.34728.123
MinimumVisualStudioVersion = 10.0.40219.1
Project("{2150E333-8FDC-42A3-9474-1A3956D46DE8}") = "src", "src", "{5F771DCB-1248-44E7-BDA4-87206C9033B9}"
EndProject
Project("{2150E333-8FDC-42A3-9474-1A3956D46DE8}") = "Services", "Services", "{81552A62-1548-40F3-AF24-DB5C972FAFD4}"
EndProject
Project("{2150E333-8FDC-42A3-9474-1A3956D46DE8}") = "Catalog", "Catalog", "{3A9FE690-18A1-4612-A2C1-65D07406DB04}"
EndProject
Project("{FAE04EC0-301F-11D3-BF4B-00C04F79EFBC}") = "Catalog.API", "src\Services\Catalog\Catalog.API\Catalog.API.csproj", "{56D566A3-B69D-4CAA-8BB3-29155AC2C051}"
EndProject
Global
	GlobalSection(SolutionConfigurationPlatforms) = preSolution
		Debug|Any CPU = Debug|Any CPU
		Release|Any CPU = Release|Any CPU
	EndGlobalSection
	GlobalSection(ProjectConfigurationPlatforms) = postSolution
		{56D566A3-B69D-4CAA-8BB3-29155AC2C051}.Debug|Any CPU.ActiveCfg = Debug|Any CPU
		{56D566A3-B69D-4CAA-8BB3-29155AC2C051}.Debug|Any CPU.Build.0 = Debug|Any CPU
		{56D566A3-B69D-4CAA-8BB3-29155AC2C051}.Release|Any CPU.ActiveCfg = Release|Any CPU
		{56D566A3-B69D-4CAA-8BB3-29155AC2C051}.Release|Any CPU.Build.0 = Release|Any CPU
	EndGlobalSection
	GlobalSection(SolutionProperties) = preSolution
		HideSolutionNode = FALSE
	EndGlobalSection
	GlobalSection(NestedProjects) = preSolution
		{81552A62-1548-40F3-AF24-DB5C972FAFD4} = {5F771DCB-1248-44E7-BDA4-87206C9033B9}
		{3A9FE690-18A1-4612-A2C1-65D07406DB04} = {81552A62-1548-40F3-AF24-DB5C972FAFD4}
		{56D566A3-B69D-4CAA-8BB3-29155AC2C051} = {3A9FE690-18A1-4612-A2C1-65D07406DB04}
	EndGlobalSection
	GlobalSection(ExtensibilityGlobals) = postSolution
		SolutionGuid = {4B66DE7C-A076-4721-919F-41A85EE32F1C}
	EndGlobalSection
EndGlobal
